
Microsoft Visual Studio Solution File, Format Version 12.00
# Visual Studio 15
VisualStudioVersion = 15.0.26124.0
MinimumVisualStudioVersion = 15.0.26124.0
Project("{FAE04EC0-301F-11D3-BF4B-00C04F79EFBC}") = "MyMath", "MyMath\MyMath.csproj", "{48D9702D-64D6-4CA3-916D-645395C3555B}"
EndProject
Project("{FAE04EC0-301F-11D3-BF4B-00C04F79EFBC}") = "MyMath.Tests", "MyMath.Tests\MyMath.Tests.csproj", "{E1767310-1D26-43E8-9685-D99DEC05B5F6}"
EndProject
Global
	GlobalSection(SolutionConfigurationPlatforms) = preSolution
		Debug|Any CPU = Debug|Any CPU
		Debug|x64 = Debug|x64
		Debug|x86 = Debug|x86
		Release|Any CPU = Release|Any CPU
		Release|x64 = Release|x64
		Release|x86 = Release|x86
	EndGlobalSection
	GlobalSection(SolutionProperties) = preSolution
		HideSolutionNode = FALSE
	EndGlobalSection
	GlobalSection(ProjectConfigurationPlatforms) = postSolution
		{48D9702D-64D6-4CA3-916D-645395C3555B}.Debug|Any CPU.ActiveCfg = Debug|Any CPU
		{48D9702D-64D6-4CA3-916D-645395C3555B}.Debug|Any CPU.Build.0 = Debug|Any CPU
		{48D9702D-64D6-4CA3-916D-645395C3555B}.Debug|x64.ActiveCfg = Debug|Any CPU
		{48D9702D-64D6-4CA3-916D-645395C3555B}.Debug|x64.Build.0 = Debug|Any CPU
		{48D9702D-64D6-4CA3-916D-645395C3555B}.Debug|x86.ActiveCfg = Debug|Any CPU
		{48D9702D-64D6-4CA3-916D-645395C3555B}.Debug|x86.Build.0 = Debug|Any CPU
		{48D9702D-64D6-4CA3-916D-645395C3555B}.Release|Any CPU.ActiveCfg = Release|Any CPU
		{48D9702D-64D6-4CA3-916D-645395C3555B}.Release|Any CPU.Build.0 = Release|Any CPU
		{48D9702D-64D6-4CA3-916D-645395C3555B}.Release|x64.ActiveCfg = Release|Any CPU
		{48D9702D-64D6-4CA3-916D-645395C3555B}.Release|x64.Build.0 = Release|Any CPU
		{48D9702D-64D6-4CA3-916D-645395C3555B}.Release|x86.ActiveCfg = Release|Any CPU
		{48D9702D-64D6-4CA3-916D-645395C3555B}.Release|x86.Build.0 = Release|Any CPU
		{E1767310-1D26-43E8-9685-D99DEC05B5F6}.Debug|Any CPU.ActiveCfg = Debug|Any CPU
		{E1767310-1D26-43E8-9685-D99DEC05B5F6}.Debug|Any CPU.Build.0 = Debug|Any CPU
		{E1767310-1D26-43E8-9685-D99DEC05B5F6}.Debug|x64.ActiveCfg = Debug|Any CPU
		{E1767310-1D26-43E8-9685-D99DEC05B5F6}.Debug|x64.Build.0 = Debug|Any CPU
		{E1767310-1D26-43E8-9685-D99DEC05B5F6}.Debug|x86.ActiveCfg = Debug|Any CPU
		{E1767310-1D26-43E8-9685-D99DEC05B5F6}.Debug|x86.Build.0 = Debug|Any CPU
		{E1767310-1D26-43E8-9685-D99DEC05B5F6}.Release|Any CPU.ActiveCfg = Release|Any CPU
		{E1767310-1D26-43E8-9685-D99DEC05B5F6}.Release|Any CPU.Build.0 = Release|Any CPU
		{E1767310-1D26-43E8-9685-D99DEC05B5F6}.Release|x64.ActiveCfg = Release|Any CPU
		{E1767310-1D26-43E8-9685-D99DEC05B5F6}.Release|x64.Build.0 = Release|Any CPU
		{E1767310-1D26-43E8-9685-D99DEC05B5F6}.Release|x86.ActiveCfg = Release|Any CPU
		{E1767310-1D26-43E8-9685-D99DEC05B5F6}.Release|x86.Build.0 = Release|Any CPU
	EndGlobalSection
EndGlobal
